// !$*UTF8*$!
{
	archiveVersion = 1;
	classes = {
	};
	objectVersion = 46;
	objects = {

/* Begin PBXBuildFile section */
		53E16DD32B865B897D343E3B /* libPods.a in Frameworks */ = {isa = PBXBuildFile; fileRef = 100841A1FFDB2B792C02DDA7 /* libPods.a */; };
		A394F4241CC20EE100A857B0 /* main.m in Sources */ = {isa = PBXBuildFile; fileRef = A394F4231CC20EE100A857B0 /* main.m */; };
		A394F4271CC20EE100A857B0 /* AppDelegate.m in Sources */ = {isa = PBXBuildFile; fileRef = A394F4261CC20EE100A857B0 /* AppDelegate.m */; };
		A394F42A1CC20EE100A857B0 /* ViewController.m in Sources */ = {isa = PBXBuildFile; fileRef = A394F4291CC20EE100A857B0 /* ViewController.m */; };
		A394F42D1CC20EE100A857B0 /* Main.storyboard in Resources */ = {isa = PBXBuildFile; fileRef = A394F42B1CC20EE100A857B0 /* Main.storyboard */; };
		A394F4301CC20EE100A857B0 /* Studying.xcdatamodeld in Sources */ = {isa = PBXBuildFile; fileRef = A394F42E1CC20EE100A857B0 /* Studying.xcdatamodeld */; };
		A394F4321CC20EE100A857B0 /* Assets.xcassets in Resources */ = {isa = PBXBuildFile; fileRef = A394F4311CC20EE100A857B0 /* Assets.xcassets */; };
		A394F4351CC20EE100A857B0 /* LaunchScreen.storyboard in Resources */ = {isa = PBXBuildFile; fileRef = A394F4331CC20EE100A857B0 /* LaunchScreen.storyboard */; };
		A394F4401CC20EE200A857B0 /* StudyingTests.m in Sources */ = {isa = PBXBuildFile; fileRef = A394F43F1CC20EE200A857B0 /* StudyingTests.m */; };
		A394F44B1CC20EE200A857B0 /* StudyingUITests.m in Sources */ = {isa = PBXBuildFile; fileRef = A394F44A1CC20EE200A857B0 /* StudyingUITests.m */; };
/* End PBXBuildFile section */

/* Begin PBXContainerItemProxy section */
		A394F43C1CC20EE200A857B0 /* PBXContainerItemProxy */ = {
			isa = PBXContainerItemProxy;
			containerPortal = A394F4171CC20EE100A857B0 /* Project object */;
			proxyType = 1;
			remoteGlobalIDString = A394F41E1CC20EE100A857B0;
			remoteInfo = Studying;
		};
		A394F4471CC20EE200A857B0 /* PBXContainerItemProxy */ = {
			isa = PBXContainerItemProxy;
			containerPortal = A394F4171CC20EE100A857B0 /* Project object */;
			proxyType = 1;
			remoteGlobalIDString = A394F41E1CC20EE100A857B0;
			remoteInfo = Studying;
		};
/* End PBXContainerItemProxy section */

/* Begin PBXFileReference section */
		100841A1FFDB2B792C02DDA7 /* libPods.a */ = {isa = PBXFileReference; explicitFileType = archive.ar; includeInIndex = 0; path = libPods.a; sourceTree = BUILT_PRODUCTS_DIR; };
		3AE7A819AF21F4D92024288F /* Pods.debug.xcconfig */ = {isa = PBXFileReference; includeInIndex = 1; lastKnownFileType = text.xcconfig; name = Pods.debug.xcconfig; path = "Pods/Target Support Files/Pods/Pods.debug.xcconfig"; sourceTree = "<group>"; };
		4102D337124813E7956C76F0 /* Pods.release.xcconfig */ = {isa = PBXFileReference; includeInIndex = 1; lastKnownFileType = text.xcconfig; name = Pods.release.xcconfig; path = "Pods/Target Support Files/Pods/Pods.release.xcconfig"; sourceTree = "<group>"; };
		A394F41F1CC20EE100A857B0 /* Studying.app */ = {isa = PBXFileReference; explicitFileType = wrapper.application; includeInIndex = 0; path = Studying.app; sourceTree = BUILT_PRODUCTS_DIR; };
		A394F4231CC20EE100A857B0 /* main.m */ = {isa = PBXFileReference; lastKnownFileType = sourcecode.c.objc; path = main.m; sourceTree = "<group>"; };
		A394F4251CC20EE100A857B0 /* AppDelegate.h */ = {isa = PBXFileReference; lastKnownFileType = sourcecode.c.h; path = AppDelegate.h; sourceTree = "<group>"; };
		A394F4261CC20EE100A857B0 /* AppDelegate.m */ = {isa = PBXFileReference; lastKnownFileType = sourcecode.c.objc; path = AppDelegate.m; sourceTree = "<group>"; };
		A394F4281CC20EE100A857B0 /* ViewController.h */ = {isa = PBXFileReference; lastKnownFileType = sourcecode.c.h; path = ViewController.h; sourceTree = "<group>"; };
		A394F4291CC20EE100A857B0 /* ViewController.m */ = {isa = PBXFileReference; lastKnownFileType = sourcecode.c.objc; path = ViewController.m; sourceTree = "<group>"; };
		A394F42C1CC20EE100A857B0 /* Base */ = {isa = PBXFileReference; lastKnownFileType = file.storyboard; name = Base; path = Base.lproj/Main.storyboard; sourceTree = "<group>"; };
		A394F42F1CC20EE100A857B0 /* Studying.xcdatamodel */ = {isa = PBXFileReference; lastKnownFileType = wrapper.xcdatamodel; path = Studying.xcdatamodel; sourceTree = "<group>"; };
		A394F4311CC20EE100A857B0 /* Assets.xcassets */ = {isa = PBXFileReference; lastKnownFileType = folder.assetcatalog; path = Assets.xcassets; sourceTree = "<group>"; };
		A394F4341CC20EE100A857B0 /* Base */ = {isa = PBXFileReference; lastKnownFileType = file.storyboard; name = Base; path = Base.lproj/LaunchScreen.storyboard; sourceTree = "<group>"; };
		A394F4361CC20EE100A857B0 /* Info.plist */ = {isa = PBXFileReference; lastKnownFileType = text.plist.xml; path = Info.plist; sourceTree = "<group>"; };
		A394F43B1CC20EE200A857B0 /* StudyingTests.xctest */ = {isa = PBXFileReference; explicitFileType = wrapper.cfbundle; includeInIndex = 0; path = StudyingTests.xctest; sourceTree = BUILT_PRODUCTS_DIR; };
		A394F43F1CC20EE200A857B0 /* StudyingTests.m */ = {isa = PBXFileReference; lastKnownFileType = sourcecode.c.objc; path = StudyingTests.m; sourceTree = "<group>"; };
		A394F4411CC20EE200A857B0 /* Info.plist */ = {isa = PBXFileReference; lastKnownFileType = text.plist.xml; path = Info.plist; sourceTree = "<group>"; };
		A394F4461CC20EE200A857B0 /* StudyingUITests.xctest */ = {isa = PBXFileReference; explicitFileType = wrapper.cfbundle; includeInIndex = 0; path = StudyingUITests.xctest; sourceTree = BUILT_PRODUCTS_DIR; };
		A394F44A1CC20EE200A857B0 /* StudyingUITests.m */ = {isa = PBXFileReference; lastKnownFileType = sourcecode.c.objc; path = StudyingUITests.m; sourceTree = "<group>"; };
		A394F44C1CC20EE200A857B0 /* Info.plist */ = {isa = PBXFileReference; lastKnownFileType = text.plist.xml; path = Info.plist; sourceTree = "<group>"; };
/* End PBXFileReference section */

/* Begin PBXFrameworksBuildPhase section */
		A394F41C1CC20EE100A857B0 /* Frameworks */ = {
			isa = PBXFrameworksBuildPhase;
			buildActionMask = 2147483647;
			files = (
				53E16DD32B865B897D343E3B /* libPods.a in Frameworks */,
			);
			runOnlyForDeploymentPostprocessing = 0;
		};
		A394F4381CC20EE200A857B0 /* Frameworks */ = {
			isa = PBXFrameworksBuildPhase;
			buildActionMask = 2147483647;
			files = (
			);
			runOnlyForDeploymentPostprocessing = 0;
		};
		A394F4431CC20EE200A857B0 /* Frameworks */ = {
			isa = PBXFrameworksBuildPhase;
			buildActionMask = 2147483647;
			files = (
			);
			runOnlyForDeploymentPostprocessing = 0;
		};
/* End PBXFrameworksBuildPhase section */

/* Begin PBXGroup section */
		14711ADBE8E64925FED02322 /* Frameworks */ = {
			isa = PBXGroup;
			children = (
				100841A1FFDB2B792C02DDA7 /* libPods.a */,
			);
			name = Frameworks;
			sourceTree = "<group>";
		};
		32366E1DB43D5A357EAC34B8 /* Pods */ = {
			isa = PBXGroup;
			children = (
				3AE7A819AF21F4D92024288F /* Pods.debug.xcconfig */,
				4102D337124813E7956C76F0 /* Pods.release.xcconfig */,
			);
			name = Pods;
			sourceTree = "<group>";
		};
		A394F4161CC20EE100A857B0 = {
			isa = PBXGroup;
			children = (
				A394F4211CC20EE100A857B0 /* Studying */,
				A394F43E1CC20EE200A857B0 /* StudyingTests */,
				A394F4491CC20EE200A857B0 /* StudyingUITests */,
				A394F4201CC20EE100A857B0 /* Products */,
				32366E1DB43D5A357EAC34B8 /* Pods */,
				14711ADBE8E64925FED02322 /* Frameworks */,
			);
			sourceTree = "<group>";
		};
		A394F4201CC20EE100A857B0 /* Products */ = {
			isa = PBXGroup;
			children = (
				A394F41F1CC20EE100A857B0 /* Studying.app */,
				A394F43B1CC20EE200A857B0 /* StudyingTests.xctest */,
				A394F4461CC20EE200A857B0 /* StudyingUITests.xctest */,
			);
			name = Products;
			sourceTree = "<group>";
		};
		A394F4211CC20EE100A857B0 /* Studying */ = {
			isa = PBXGroup;
			children = (
				A394F4251CC20EE100A857B0 /* AppDelegate.h */,
				A394F4261CC20EE100A857B0 /* AppDelegate.m */,
				A394F4281CC20EE100A857B0 /* ViewController.h */,
				A394F4291CC20EE100A857B0 /* ViewController.m */,
				A394F42B1CC20EE100A857B0 /* Main.storyboard */,
				A394F4311CC20EE100A857B0 /* Assets.xcassets */,
				A394F4331CC20EE100A857B0 /* LaunchScreen.storyboard */,
				A394F4361CC20EE100A857B0 /* Info.plist */,
				A394F42E1CC20EE100A857B0 /* Studying.xcdatamodeld */,
				A394F4221CC20EE100A857B0 /* Supporting Files */,
			);
			path = Studying;
			sourceTree = "<group>";
		};
		A394F4221CC20EE100A857B0 /* Supporting Files */ = {
			isa = PBXGroup;
			children = (
				A394F4231CC20EE100A857B0 /* main.m */,
			);
			name = "Supporting Files";
			sourceTree = "<group>";
		};
		A394F43E1CC20EE200A857B0 /* StudyingTests */ = {
			isa = PBXGroup;
			children = (
				A394F43F1CC20EE200A857B0 /* StudyingTests.m */,
				A394F4411CC20EE200A857B0 /* Info.plist */,
			);
			path = StudyingTests;
			sourceTree = "<group>";
		};
		A394F4491CC20EE200A857B0 /* StudyingUITests */ = {
			isa = PBXGroup;
			children = (
				A394F44A1CC20EE200A857B0 /* StudyingUITests.m */,
				A394F44C1CC20EE200A857B0 /* Info.plist */,
			);
			path = StudyingUITests;
			sourceTree = "<group>";
		};
/* End PBXGroup section */

/* Begin PBXNativeTarget section */
		A394F41E1CC20EE100A857B0 /* Studying */ = {
			isa = PBXNativeTarget;
			buildConfigurationList = A394F44F1CC20EE200A857B0 /* Build configuration list for PBXNativeTarget "Studying" */;
			buildPhases = (
				DB4DC1054C33A9C55105C3AB /* Check Pods Manifest.lock */,
				A394F41B1CC20EE100A857B0 /* Sources */,
				A394F41C1CC20EE100A857B0 /* Frameworks */,
				A394F41D1CC20EE100A857B0 /* Resources */,
				4549740FAF1654ED15EC3ED2 /* Embed Pods Frameworks */,
				38DC7591044E696AA45493EF /* Copy Pods Resources */,
			);
			buildRules = (
			);
			dependencies = (
			);
			name = Studying;
			productName = Studying;
			productReference = A394F41F1CC20EE100A857B0 /* Studying.app */;
			productType = "com.apple.product-type.application";
		};
		A394F43A1CC20EE200A857B0 /* StudyingTests */ = {
			isa = PBXNativeTarget;
			buildConfigurationList = A394F4521CC20EE200A857B0 /* Build configuration list for PBXNativeTarget "StudyingTests" */;
			buildPhases = (
				A394F4371CC20EE200A857B0 /* Sources */,
				A394F4381CC20EE200A857B0 /* Frameworks */,
				A394F4391CC20EE200A857B0 /* Resources */,
			);
			buildRules = (
			);
			dependencies = (
				A394F43D1CC20EE200A857B0 /* PBXTargetDependency */,
			);
			name = StudyingTests;
			productName = StudyingTests;
			productReference = A394F43B1CC20EE200A857B0 /* StudyingTests.xctest */;
			productType = "com.apple.product-type.bundle.unit-test";
		};
		A394F4451CC20EE200A857B0 /* StudyingUITests */ = {
			isa = PBXNativeTarget;
			buildConfigurationList = A394F4551CC20EE200A857B0 /* Build configuration list for PBXNativeTarget "StudyingUITests" */;
			buildPhases = (
				A394F4421CC20EE200A857B0 /* Sources */,
				A394F4431CC20EE200A857B0 /* Frameworks */,
				A394F4441CC20EE200A857B0 /* Resources */,
			);
			buildRules = (
			);
			dependencies = (
				A394F4481CC20EE200A857B0 /* PBXTargetDependency */,
			);
			name = StudyingUITests;
			productName = StudyingUITests;
			productReference = A394F4461CC20EE200A857B0 /* StudyingUITests.xctest */;
			productType = "com.apple.product-type.bundle.ui-testing";
		};
/* End PBXNativeTarget section */

/* Begin PBXProject section */
		A394F4171CC20EE100A857B0 /* Project object */ = {
			isa = PBXProject;
			attributes = {
				LastUpgradeCheck = 0720;
				ORGANIZATIONNAME = HLYZ;
				TargetAttributes = {
					A394F41E1CC20EE100A857B0 = {
						CreatedOnToolsVersion = 7.2.1;
					};
					A394F43A1CC20EE200A857B0 = {
						CreatedOnToolsVersion = 7.2.1;
						TestTargetID = A394F41E1CC20EE100A857B0;
					};
					A394F4451CC20EE200A857B0 = {
						CreatedOnToolsVersion = 7.2.1;
						TestTargetID = A394F41E1CC20EE100A857B0;
					};
				};
			};
			buildConfigurationList = A394F41A1CC20EE100A857B0 /* Build configuration list for PBXProject "Studying" */;
			compatibilityVersion = "Xcode 3.2";
			developmentRegion = English;
			hasScannedForEncodings = 0;
			knownRegions = (
				en,
				Base,
			);
			mainGroup = A394F4161CC20EE100A857B0;
			productRefGroup = A394F4201CC20EE100A857B0 /* Products */;
			projectDirPath = "";
			projectRoot = "";
			targets = (
				A394F41E1CC20EE100A857B0 /* Studying */,
				A394F43A1CC20EE200A857B0 /* StudyingTests */,
				A394F4451CC20EE200A857B0 /* StudyingUITests */,
			);
		};
/* End PBXProject section */

/* Begin PBXResourcesBuildPhase section */
		A394F41D1CC20EE100A857B0 /* Resources */ = {
			isa = PBXResourcesBuildPhase;
			buildActionMask = 2147483647;
			files = (
				A394F4351CC20EE100A857B0 /* LaunchScreen.storyboard in Resources */,
				A394F4321CC20EE100A857B0 /* Assets.xcassets in Resources */,
				A394F42D1CC20EE100A857B0 /* Main.storyboard in Resources */,
			);
			runOnlyForDeploymentPostprocessing = 0;
		};
		A394F4391CC20EE200A857B0 /* Resources */ = {
			isa = PBXResourcesBuildPhase;
			buildActionMask = 2147483647;
			files = (
			);
			runOnlyForDeploymentPostprocessing = 0;
		};
		A394F4441CC20EE200A857B0 /* Resources */ = {
			isa = PBXResourcesBuildPhase;
			buildActionMask = 2147483647;
			files = (
			);
			runOnlyForDeploymentPostprocessing = 0;
		};
/* End PBXResourcesBuildPhase section */

/* Begin PBXShellScriptBuildPhase section */
		38DC7591044E696AA45493EF /* Copy Pods Resources */ = {
			isa = PBXShellScriptBuildPhase;
			buildActionMask = 2147483647;
			files = (
			);
			inputPaths = (
			);
			name = "Copy Pods Resources";
			outputPaths = (
			);
			runOnlyForDeploymentPostprocessing = 0;
			shellPath = /bin/sh;
			shellScript = "\"${SRCROOT}/Pods/Target Support Files/Pods/Pods-resources.sh\"\n";
			showEnvVarsInLog = 0;
		};
		4549740FAF1654ED15EC3ED2 /* Embed Pods Frameworks */ = {
			isa = PBXShellScriptBuildPhase;
			buildActionMask = 2147483647;
			files = (
			);
			inputPaths = (
			);
			name = "Embed Pods Frameworks";
			outputPaths = (
			);
			runOnlyForDeploymentPostprocessing = 0;
			shellPath = /bin/sh;
			shellScript = "\"${SRCROOT}/Pods/Target Support Files/Pods/Pods-frameworks.sh\"\n";
			showEnvVarsInLog = 0;
		};
		DB4DC1054C33A9C55105C3AB /* Check Pods Manifest.lock */ = {
			isa = PBXShellScriptBuildPhase;
			buildActionMask = 2147483647;
			files = (
			);
			inputPaths = (
			);
			name = "Check Pods Manifest.lock";
			outputPaths = (
			);
			runOnlyForDeploymentPostprocessing = 0;
			shellPath = /bin/sh;
			shellScript = "diff \"${PODS_ROOT}/../Podfile.lock\" \"${PODS_ROOT}/Manifest.lock\" > /dev/null\nif [[ $? != 0 ]] ; then\n    cat << EOM\nerror: The sandbox is not in sync with the Podfile.lock. Run 'pod install' or update your CocoaPods installation.\nEOM\n    exit 1\nfi\n";
			showEnvVarsInLog = 0;
		};
/* End PBXShellScriptBuildPhase section */

/* Begin PBXSourcesBuildPhase section */
		A394F41B1CC20EE100A857B0 /* Sources */ = {
			isa = PBXSourcesBuildPhase;
			buildActionMask = 2147483647;
			files = (
				A394F4301CC20EE100A857B0 /* Studying.xcdatamodeld in Sources */,
				A394F42A1CC20EE100A857B0 /* ViewController.m in Sources */,
				A394F4271CC20EE100A857B0 /* AppDelegate.m in Sources */,
				A394F4241CC20EE100A857B0 /* main.m in Sources */,
			);
			runOnlyForDeploymentPostprocessing = 0;
		};
		A394F4371CC20EE200A857B0 /* Sources */ = {
			isa = PBXSourcesBuildPhase;
			buildActionMask = 2147483647;
			files = (
				A394F4401CC20EE200A857B0 /* StudyingTests.m in Sources */,
			);
			runOnlyForDeploymentPostprocessing = 0;
		};
		A394F4421CC20EE200A857B0 /* Sources */ = {
			isa = PBXSourcesBuildPhase;
			buildActionMask = 2147483647;
			files = (
				A394F44B1CC20EE200A857B0 /* StudyingUITests.m in Sources */,
			);
			runOnlyForDeploymentPostprocessing = 0;
		};
/* End PBXSourcesBuildPhase section */

/* Begin PBXTargetDependency section */
		A394F43D1CC20EE200A857B0 /* PBXTargetDependency */ = {
			isa = PBXTargetDependency;
			target = A394F41E1CC20EE100A857B0 /* Studying */;
			targetProxy = A394F43C1CC20EE200A857B0 /* PBXContainerItemProxy */;
		};
		A394F4481CC20EE200A857B0 /* PBXTargetDependency */ = {
			isa = PBXTargetDependency;
			target = A394F41E1CC20EE100A857B0 /* Studying */;
			targetProxy = A394F4471CC20EE200A857B0 /* PBXContainerItemProxy */;
		};
/* End PBXTargetDependency section */

/* Begin PBXVariantGroup section */
		A394F42B1CC20EE100A857B0 /* Main.storyboard */ = {
			isa = PBXVariantGroup;
			children = (
				A394F42C1CC20EE100A857B0 /* Base */,
			);
			name = Main.storyboard;
			sourceTree = "<group>";
		};
		A394F4331CC20EE100A857B0 /* LaunchScreen.storyboard */ = {
			isa = PBXVariantGroup;
			children = (
				A394F4341CC20EE100A857B0 /* Base */,
			);
			name = LaunchScreen.storyboard;
			sourceTree = "<group>";
		};
/* End PBXVariantGroup section */

/* Begin XCBuildConfiguration section */
		A394F44D1CC20EE200A857B0 /* Debug */ = {
			isa = XCBuildConfiguration;
			buildSettings = {
				ALWAYS_SEARCH_USER_PATHS = NO;
				CLANG_CXX_LANGUAGE_STANDARD = "gnu++0x";
				CLANG_CXX_LIBRARY = "libc++";
				CLANG_ENABLE_MODULES = YES;
				CLANG_ENABLE_OBJC_ARC = YES;
				CLANG_WARN_BOOL_CONVERSION = YES;
				CLANG_WARN_CONSTANT_CONVERSION = YES;
				CLANG_WARN_DIRECT_OBJC_ISA_USAGE = YES_ERROR;
				CLANG_WARN_EMPTY_BODY = YES;
				CLANG_WARN_ENUM_CONVERSION = YES;
				CLANG_WARN_INT_CONVERSION = YES;
				CLANG_WARN_OBJC_ROOT_CLASS = YES_ERROR;
				CLANG_WARN_UNREACHABLE_CODE = YES;
				CLANG_WARN__DUPLICATE_METHOD_MATCH = YES;
				"CODE_SIGN_IDENTITY[sdk=iphoneos*]" = "iPhone Developer";
				COPY_PHASE_STRIP = NO;
				DEBUG_INFORMATION_FORMAT = dwarf;
				ENABLE_STRICT_OBJC_MSGSEND = YES;
				ENABLE_TESTABILITY = YES;
				GCC_C_LANGUAGE_STANDARD = gnu99;
				GCC_DYNAMIC_NO_PIC = NO;
				GCC_NO_COMMON_BLOCKS = YES;
				GCC_OPTIMIZATION_LEVEL = 0;
				GCC_PREPROCESSOR_DEFINITIONS = (
					"DEBUG=1",
					"$(inherited)",
				);
				GCC_WARN_64_TO_32_BIT_CONVERSION = YES;
				GCC_WARN_ABOUT_RETURN_TYPE = YES_ERROR;
				GCC_WARN_UNDECLARED_SELECTOR = YES;
				GCC_WARN_UNINITIALIZED_AUTOS = YES_AGGRESSIVE;
				GCC_WARN_UNUSED_FUNCTION = YES;
				GCC_WARN_UNUSED_VARIABLE = YES;
				IPHONEOS_DEPLOYMENT_TARGET = 9.2;
				MTL_ENABLE_DEBUG_INFO = YES;
				ONLY_ACTIVE_ARCH = YES;
				SDKROOT = iphoneos;
			};
			name = Debug;
		};
		A394F44E1CC20EE200A857B0 /* Release */ = {
			isa = XCBuildConfiguration;
			buildSettings = {
				ALWAYS_SEARCH_USER_PATHS = NO;
				CLANG_CXX_LANGUAGE_STANDARD = "gnu++0x";
				CLANG_CXX_LIBRARY = "libc++";
				CLANG_ENABLE_MODULES = YES;
				CLANG_ENABLE_OBJC_ARC = YES;
				CLANG_WARN_BOOL_CONVERSION = YES;
				CLANG_WARN_CONSTANT_CONVERSION = YES;
				CLANG_WARN_DIRECT_OBJC_ISA_USAGE = YES_ERROR;
				CLANG_WARN_EMPTY_BODY = YES;
				CLANG_WARN_ENUM_CONVERSION = YES;
				CLANG_WARN_INT_CONVERSION = YES;
				CLANG_WARN_OBJC_ROOT_CLASS = YES_ERROR;
				CLANG_WARN_UNREACHABLE_CODE = YES;
				CLANG_WARN__DUPLICATE_METHOD_MATCH = YES;
				"CODE_SIGN_IDENTITY[sdk=iphoneos*]" = "iPhone Developer";
				COPY_PHASE_STRIP = NO;
				DEBUG_INFORMATION_FORMAT = "dwarf-with-dsym";
				ENABLE_NS_ASSERTIONS = NO;
				ENABLE_STRICT_OBJC_MSGSEND = YES;
				GCC_C_LANGUAGE_STANDARD = gnu99;
				GCC_NO_COMMON_BLOCKS = YES;
				GCC_WARN_64_TO_32_BIT_CONVERSION = YES;
				GCC_WARN_ABOUT_RETURN_TYPE = YES_ERROR;
				GCC_WARN_UNDECLARED_SELECTOR = YES;
				GCC_WARN_UNINITIALIZED_AUTOS = YES_AGGRESSIVE;
				GCC_WARN_UNUSED_FUNCTION = YES;
				GCC_WARN_UNUSED_VARIABLE = YES;
				IPHONEOS_DEPLOYMENT_TARGET = 9.2;
				MTL_ENABLE_DEBUG_INFO = NO;
				SDKROOT = iphoneos;
				VALIDATE_PRODUCT = YES;
			};
			name = Release;
		};
		A394F4501CC20EE200A857B0 /* Debug */ = {
			isa = XCBuildConfiguration;
			baseConfigurationReference = 3AE7A819AF21F4D92024288F /* Pods.debug.xcconfig */;
			buildSettings = {
				ASSETCATALOG_COMPILER_APPICON_NAME = AppIcon;
				INFOPLIST_FILE = Studying/Info.plist;
				LD_RUNPATH_SEARCH_PATHS = "$(inherited) @executable_path/Frameworks";
				PRODUCT_BUNDLE_IDENTIFIER = lfc.Studying;
				PRODUCT_NAME = "$(TARGET_NAME)";
			};
			name = Debug;
		};
		A394F4511CC20EE200A857B0 /* Release */ = {
			isa = XCBuildConfiguration;
			baseConfigurationReference = 4102D337124813E7956C76F0 /* Pods.release.xcconfig */;
			buildSettings = {
				ASSETCATALOG_COMPILER_APPICON_NAME = AppIcon;
				INFOPLIST_FILE = Studying/Info.plist;
				LD_RUNPATH_SEARCH_PATHS = "$(inherited) @executable_path/Frameworks";
				PRODUCT_BUNDLE_IDENTIFIER = lfc.Studying;
				PRODUCT_NAME = "$(TARGET_NAME)";
			};
			name = Release;
		};
		A394F4531CC20EE200A857B0 /* Debug */ = {
			isa = XCBuildConfiguration;
			buildSettings = {
				BUNDLE_LOADER = "$(TEST_HOST)";
				INFOPLIST_FILE = StudyingTests/Info.plist;
				LD_RUNPATH_SEARCH_PATHS = "$(inherited) @executable_path/Frameworks @loader_path/Frameworks";
				PRODUCT_BUNDLE_IDENTIFIER = lfc.StudyingTests;
				PRODUCT_NAME = "$(TARGET_NAME)";
				TEST_HOST = "$(BUILT_PRODUCTS_DIR)/Studying.app/Studying";
			};
			name = Debug;
		};
		A394F4541CC20EE200A857B0 /* Release */ = {
			isa = XCBuildConfiguration;
			buildSettings = {
				BUNDLE_LOADER = "$(TEST_HOST)";
				INFOPLIST_FILE = StudyingTests/Info.plist;
				LD_RUNPATH_SEARCH_PATHS = "$(inherited) @executable_path/Frameworks @loader_path/Frameworks";
				PRODUCT_BUNDLE_IDENTIFIER = lfc.StudyingTests;
				PRODUCT_NAME = "$(TARGET_NAME)";
				TEST_HOST = "$(BUILT_PRODUCTS_DIR)/Studying.app/Studying";
			};
			name = Release;
		};
		A394F4561CC20EE200A857B0 /* Debug */ = {
			isa = XCBuildConfiguration;
			buildSettings = {
				INFOPLIST_FILE = StudyingUITests/Info.plist;
				LD_RUNPATH_SEARCH_PATHS = "$(inherited) @executable_path/Frameworks @loader_path/Frameworks";
				PRODUCT_BUNDLE_IDENTIFIER = lfc.StudyingUITests;
				PRODUCT_NAME = "$(TARGET_NAME)";
				TEST_TARGET_NAME = Studying;
				USES_XCTRUNNER = YES;
			};
			name = Debug;
		};
		A394F4571CC20EE200A857B0 /* Release */ = {
			isa = XCBuildConfiguration;
			buildSettings = {
				INFOPLIST_FILE = StudyingUITests/Info.plist;
				LD_RUNPATH_SEARCH_PATHS = "$(inherited) @executable_path/Frameworks @loader_path/Frameworks";
				PRODUCT_BUNDLE_IDENTIFIER = lfc.StudyingUITests;
				PRODUCT_NAME = "$(TARGET_NAME)";
				TEST_TARGET_NAME = Studying;
				USES_XCTRUNNER = YES;
			};
			name = Release;
		};
/* End XCBuildConfiguration section */

/* Begin XCConfigurationList section */
		A394F41A1CC20EE100A857B0 /* Build configuration list for PBXProject "Studying" */ = {
			isa = XCConfigurationList;
			buildConfigurations = (
				A394F44D1CC20EE200A857B0 /* Debug */,
				A394F44E1CC20EE200A857B0 /* Release */,
			);
			defaultConfigurationIsVisible = 0;
			defaultConfigurationName = Release;
		};
		A394F44F1CC20EE200A857B0 /* Build configuration list for PBXNativeTarget "Studying" */ = {
			isa = XCConfigurationList;
			buildConfigurations = (
				A394F4501CC20EE200A857B0 /* Debug */,
				A394F4511CC20EE200A857B0 /* Release */,
			);
			defaultConfigurationIsVisible = 0;
			defaultConfigurationName = Release;
		};
		A394F4521CC20EE200A857B0 /* Build configuration list for PBXNativeTarget "StudyingTests" */ = {
			isa = XCConfigurationList;
			buildConfigurations = (
				A394F4531CC20EE200A857B0 /* Debug */,
				A394F4541CC20EE200A857B0 /* Release */,
			);
			defaultConfigurationIsVisible = 0;
			defaultConfigurationName = Release;
		};
		A394F4551CC20EE200A857B0 /* Build configuration list for PBXNativeTarget "StudyingUITests" */ = {
			isa = XCConfigurationList;
			buildConfigurations = (
				A394F4561CC20EE200A857B0 /* Debug */,
				A394F4571CC20EE200A857B0 /* Release */,
			);
			defaultConfigurationIsVisible = 0;
			defaultConfigurationName = Release;
		};
/* End XCConfigurationList section */

/* Begin XCVersionGroup section */
		A394F42E1CC20EE100A857B0 /* Studying.xcdatamodeld */ = {
			isa = XCVersionGroup;
			children = (
				A394F42F1CC20EE100A857B0 /* Studying.xcdatamodel */,
			);
			currentVersion = A394F42F1CC20EE100A857B0 /* Studying.xcdatamodel */;
			path = Studying.xcdatamodeld;
			sourceTree = "<group>";
			versionGroupType = wrapper.xcdatamodel;
		};
/* End XCVersionGroup section */
	};
	rootObject = A394F4171CC20EE100A857B0 /* Project object */;
}
